// !$*UTF8*$!
{
	archiveVersion = 1;
	classes = {
	};
	objectVersion = 55;
	objects = {

/* Begin PBXBuildFile section */
		84D5B55A27FEA0E3006A8FEE /* AppDelegate.swift in Sources */ = {isa = PBXBuildFile; fileRef = 84D5B55927FEA0E3006A8FEE /* AppDelegate.swift */; };
		84D5B55C27FEA0E3006A8FEE /* SceneDelegate.swift in Sources */ = {isa = PBXBuildFile; fileRef = 84D5B55B27FEA0E3006A8FEE /* SceneDelegate.swift */; };
		84D5B55E27FEA0E3006A8FEE /* ViewController.swift in Sources */ = {isa = PBXBuildFile; fileRef = 84D5B55D27FEA0E3006A8FEE /* ViewController.swift */; };
		84D5B56127FEA0E3006A8FEE /* Main.storyboard in Resources */ = {isa = PBXBuildFile; fileRef = 84D5B55F27FEA0E3006A8FEE /* Main.storyboard */; };
		84D5B56427FEA0E3006A8FEE /* myMap.xcdatamodeld in Sources */ = {isa = PBXBuildFile; fileRef = 84D5B56227FEA0E3006A8FEE /* myMap.xcdatamodeld */; };
		84D5B56627FEA0E6006A8FEE /* Assets.xcassets in Resources */ = {isa = PBXBuildFile; fileRef = 84D5B56527FEA0E6006A8FEE /* Assets.xcassets */; };
		84D5B56927FEA0E6006A8FEE /* LaunchScreen.storyboard in Resources */ = {isa = PBXBuildFile; fileRef = 84D5B56727FEA0E6006A8FEE /* LaunchScreen.storyboard */; };
		84D5B57427FEA0E6006A8FEE /* myMapTests.swift in Sources */ = {isa = PBXBuildFile; fileRef = 84D5B57327FEA0E6006A8FEE /* myMapTests.swift */; };
		84D5B57E27FEA0E6006A8FEE /* myMapUITests.swift in Sources */ = {isa = PBXBuildFile; fileRef = 84D5B57D27FEA0E6006A8FEE /* myMapUITests.swift */; };
		84D5B58027FEA0E6006A8FEE /* myMapUITestsLaunchTests.swift in Sources */ = {isa = PBXBuildFile; fileRef = 84D5B57F27FEA0E6006A8FEE /* myMapUITestsLaunchTests.swift */; };
/* End PBXBuildFile section */

/* Begin PBXContainerItemProxy section */
		84D5B57027FEA0E6006A8FEE /* PBXContainerItemProxy */ = {
			isa = PBXContainerItemProxy;
			containerPortal = 84D5B54E27FEA0E3006A8FEE /* Project object */;
			proxyType = 1;
			remoteGlobalIDString = 84D5B55527FEA0E3006A8FEE;
			remoteInfo = myMap;
		};
		84D5B57A27FEA0E6006A8FEE /* PBXContainerItemProxy */ = {
			isa = PBXContainerItemProxy;
			containerPortal = 84D5B54E27FEA0E3006A8FEE /* Project object */;
			proxyType = 1;
			remoteGlobalIDString = 84D5B55527FEA0E3006A8FEE;
			remoteInfo = myMap;
		};
/* End PBXContainerItemProxy section */

/* Begin PBXFileReference section */
		84D5B55627FEA0E3006A8FEE /* myMap.app */ = {isa = PBXFileReference; explicitFileType = wrapper.application; includeInIndex = 0; path = myMap.app; sourceTree = BUILT_PRODUCTS_DIR; };
		84D5B55927FEA0E3006A8FEE /* AppDelegate.swift */ = {isa = PBXFileReference; lastKnownFileType = sourcecode.swift; path = AppDelegate.swift; sourceTree = "<group>"; };
		84D5B55B27FEA0E3006A8FEE /* SceneDelegate.swift */ = {isa = PBXFileReference; lastKnownFileType = sourcecode.swift; path = SceneDelegate.swift; sourceTree = "<group>"; };
		84D5B55D27FEA0E3006A8FEE /* ViewController.swift */ = {isa = PBXFileReference; lastKnownFileType = sourcecode.swift; path = ViewController.swift; sourceTree = "<group>"; };
		84D5B56027FEA0E3006A8FEE /* Base */ = {isa = PBXFileReference; lastKnownFileType = file.storyboard; name = Base; path = Base.lproj/Main.storyboard; sourceTree = "<group>"; };
		84D5B56327FEA0E3006A8FEE /* myMap.xcdatamodel */ = {isa = PBXFileReference; lastKnownFileType = wrapper.xcdatamodel; path = myMap.xcdatamodel; sourceTree = "<group>"; };
		84D5B56527FEA0E6006A8FEE /* Assets.xcassets */ = {isa = PBXFileReference; lastKnownFileType = folder.assetcatalog; path = Assets.xcassets; sourceTree = "<group>"; };
		84D5B56827FEA0E6006A8FEE /* Base */ = {isa = PBXFileReference; lastKnownFileType = file.storyboard; name = Base; path = Base.lproj/LaunchScreen.storyboard; sourceTree = "<group>"; };
		84D5B56A27FEA0E6006A8FEE /* Info.plist */ = {isa = PBXFileReference; lastKnownFileType = text.plist.xml; path = Info.plist; sourceTree = "<group>"; };
		84D5B56F27FEA0E6006A8FEE /* myMapTests.xctest */ = {isa = PBXFileReference; explicitFileType = wrapper.cfbundle; includeInIndex = 0; path = myMapTests.xctest; sourceTree = BUILT_PRODUCTS_DIR; };
		84D5B57327FEA0E6006A8FEE /* myMapTests.swift */ = {isa = PBXFileReference; lastKnownFileType = sourcecode.swift; path = myMapTests.swift; sourceTree = "<group>"; };
		84D5B57927FEA0E6006A8FEE /* myMapUITests.xctest */ = {isa = PBXFileReference; explicitFileType = wrapper.cfbundle; includeInIndex = 0; path = myMapUITests.xctest; sourceTree = BUILT_PRODUCTS_DIR; };
		84D5B57D27FEA0E6006A8FEE /* myMapUITests.swift */ = {isa = PBXFileReference; lastKnownFileType = sourcecode.swift; path = myMapUITests.swift; sourceTree = "<group>"; };
		84D5B57F27FEA0E6006A8FEE /* myMapUITestsLaunchTests.swift */ = {isa = PBXFileReference; lastKnownFileType = sourcecode.swift; path = myMapUITestsLaunchTests.swift; sourceTree = "<group>"; };
/* End PBXFileReference section */

/* Begin PBXFrameworksBuildPhase section */
		84D5B55327FEA0E3006A8FEE /* Frameworks */ = {
			isa = PBXFrameworksBuildPhase;
			buildActionMask = 2147483647;
			files = (
			);
			runOnlyForDeploymentPostprocessing = 0;
		};
		84D5B56C27FEA0E6006A8FEE /* Frameworks */ = {
			isa = PBXFrameworksBuildPhase;
			buildActionMask = 2147483647;
			files = (
			);
			runOnlyForDeploymentPostprocessing = 0;
		};
		84D5B57627FEA0E6006A8FEE /* Frameworks */ = {
			isa = PBXFrameworksBuildPhase;
			buildActionMask = 2147483647;
			files = (
			);
			runOnlyForDeploymentPostprocessing = 0;
		};
/* End PBXFrameworksBuildPhase section */

/* Begin PBXGroup section */
		84D5B54D27FEA0E3006A8FEE = {
			isa = PBXGroup;
			children = (
				84D5B55827FEA0E3006A8FEE /* myMap */,
				84D5B57227FEA0E6006A8FEE /* myMapTests */,
				84D5B57C27FEA0E6006A8FEE /* myMapUITests */,
				84D5B55727FEA0E3006A8FEE /* Products */,
			);
			sourceTree = "<group>";
		};
		84D5B55727FEA0E3006A8FEE /* Products */ = {
			isa = PBXGroup;
			children = (
				84D5B55627FEA0E3006A8FEE /* myMap.app */,
				84D5B56F27FEA0E6006A8FEE /* myMapTests.xctest */,
				84D5B57927FEA0E6006A8FEE /* myMapUITests.xctest */,
			);
			name = Products;
			sourceTree = "<group>";
		};
		84D5B55827FEA0E3006A8FEE /* myMap */ = {
			isa = PBXGroup;
			children = (
				84D5B55927FEA0E3006A8FEE /* AppDelegate.swift */,
				84D5B55B27FEA0E3006A8FEE /* SceneDelegate.swift */,
				84D5B55D27FEA0E3006A8FEE /* ViewController.swift */,
				84D5B55F27FEA0E3006A8FEE /* Main.storyboard */,
				84D5B56527FEA0E6006A8FEE /* Assets.xcassets */,
				84D5B56727FEA0E6006A8FEE /* LaunchScreen.storyboard */,
				84D5B56A27FEA0E6006A8FEE /* Info.plist */,
				84D5B56227FEA0E3006A8FEE /* myMap.xcdatamodeld */,
			);
			path = myMap;
			sourceTree = "<group>";
		};
		84D5B57227FEA0E6006A8FEE /* myMapTests */ = {
			isa = PBXGroup;
			children = (
				84D5B57327FEA0E6006A8FEE /* myMapTests.swift */,
			);
			path = myMapTests;
			sourceTree = "<group>";
		};
		84D5B57C27FEA0E6006A8FEE /* myMapUITests */ = {
			isa = PBXGroup;
			children = (
				84D5B57D27FEA0E6006A8FEE /* myMapUITests.swift */,
				84D5B57F27FEA0E6006A8FEE /* myMapUITestsLaunchTests.swift */,
			);
			path = myMapUITests;
			sourceTree = "<group>";
		};
/* End PBXGroup section */

/* Begin PBXNativeTarget section */
		84D5B55527FEA0E3006A8FEE /* myMap */ = {
			isa = PBXNativeTarget;
			buildConfigurationList = 84D5B58327FEA0E6006A8FEE /* Build configuration list for PBXNativeTarget "myMap" */;
			buildPhases = (
				84D5B55227FEA0E3006A8FEE /* Sources */,
				84D5B55327FEA0E3006A8FEE /* Frameworks */,
				84D5B55427FEA0E3006A8FEE /* Resources */,
			);
			buildRules = (
			);
			dependencies = (
			);
			name = myMap;
			productName = myMap;
			productReference = 84D5B55627FEA0E3006A8FEE /* myMap.app */;
			productType = "com.apple.product-type.application";
		};
		84D5B56E27FEA0E6006A8FEE /* myMapTests */ = {
			isa = PBXNativeTarget;
			buildConfigurationList = 84D5B58627FEA0E6006A8FEE /* Build configuration list for PBXNativeTarget "myMapTests" */;
			buildPhases = (
				84D5B56B27FEA0E6006A8FEE /* Sources */,
				84D5B56C27FEA0E6006A8FEE /* Frameworks */,
				84D5B56D27FEA0E6006A8FEE /* Resources */,
			);
			buildRules = (
			);
			dependencies = (
				84D5B57127FEA0E6006A8FEE /* PBXTargetDependency */,
			);
			name = myMapTests;
			productName = myMapTests;
			productReference = 84D5B56F27FEA0E6006A8FEE /* myMapTests.xctest */;
			productType = "com.apple.product-type.bundle.unit-test";
		};
		84D5B57827FEA0E6006A8FEE /* myMapUITests */ = {
			isa = PBXNativeTarget;
			buildConfigurationList = 84D5B58927FEA0E6006A8FEE /* Build configuration list for PBXNativeTarget "myMapUITests" */;
			buildPhases = (
				84D5B57527FEA0E6006A8FEE /* Sources */,
				84D5B57627FEA0E6006A8FEE /* Frameworks */,
				84D5B57727FEA0E6006A8FEE /* Resources */,
			);
			buildRules = (
			);
			dependencies = (
				84D5B57B27FEA0E6006A8FEE /* PBXTargetDependency */,
			);
			name = myMapUITests;
			productName = myMapUITests;
			productReference = 84D5B57927FEA0E6006A8FEE /* myMapUITests.xctest */;
			productType = "com.apple.product-type.bundle.ui-testing";
		};
/* End PBXNativeTarget section */

/* Begin PBXProject section */
		84D5B54E27FEA0E3006A8FEE /* Project object */ = {
			isa = PBXProject;
			attributes = {
				BuildIndependentTargetsInParallel = 1;
				LastSwiftUpdateCheck = 1330;
				LastUpgradeCheck = 1330;
				TargetAttributes = {
					84D5B55527FEA0E3006A8FEE = {
						CreatedOnToolsVersion = 13.3;
					};
					84D5B56E27FEA0E6006A8FEE = {
						CreatedOnToolsVersion = 13.3;
						TestTargetID = 84D5B55527FEA0E3006A8FEE;
					};
					84D5B57827FEA0E6006A8FEE = {
						CreatedOnToolsVersion = 13.3;
						TestTargetID = 84D5B55527FEA0E3006A8FEE;
					};
				};
			};
			buildConfigurationList = 84D5B55127FEA0E3006A8FEE /* Build configuration list for PBXProject "myMap" */;
			compatibilityVersion = "Xcode 13.0";
			developmentRegion = en;
			hasScannedForEncodings = 0;
			knownRegions = (
				en,
				Base,
			);
			mainGroup = 84D5B54D27FEA0E3006A8FEE;
			productRefGroup = 84D5B55727FEA0E3006A8FEE /* Products */;
			projectDirPath = "";
			projectRoot = "";
			targets = (
				84D5B55527FEA0E3006A8FEE /* myMap */,
				84D5B56E27FEA0E6006A8FEE /* myMapTests */,
				84D5B57827FEA0E6006A8FEE /* myMapUITests */,
			);
		};
/* End PBXProject section */

/* Begin PBXResourcesBuildPhase section */
		84D5B55427FEA0E3006A8FEE /* Resources */ = {
			isa = PBXResourcesBuildPhase;
			buildActionMask = 2147483647;
			files = (
				84D5B56927FEA0E6006A8FEE /* LaunchScreen.storyboard in Resources */,
				84D5B56627FEA0E6006A8FEE /* Assets.xcassets in Resources */,
				84D5B56127FEA0E3006A8FEE /* Main.storyboard in Resources */,
			);
			runOnlyForDeploymentPostprocessing = 0;
		};
		84D5B56D27FEA0E6006A8FEE /* Resources */ = {
			isa = PBXResourcesBuildPhase;
			buildActionMask = 2147483647;
			files = (
			);
			runOnlyForDeploymentPostprocessing = 0;
		};
		84D5B57727FEA0E6006A8FEE /* Resources */ = {
			isa = PBXResourcesBuildPhase;
			buildActionMask = 2147483647;
			files = (
			);
			runOnlyForDeploymentPostprocessing = 0;
		};
/* End PBXResourcesBuildPhase section */

/* Begin PBXSourcesBuildPhase section */
		84D5B55227FEA0E3006A8FEE /* Sources */ = {
			isa = PBXSourcesBuildPhase;
			buildActionMask = 2147483647;
			files = (
				84D5B55E27FEA0E3006A8FEE /* ViewController.swift in Sources */,
				84D5B55A27FEA0E3006A8FEE /* AppDelegate.swift in Sources */,
				84D5B56427FEA0E3006A8FEE /* myMap.xcdatamodeld in Sources */,
				84D5B55C27FEA0E3006A8FEE /* SceneDelegate.swift in Sources */,
			);
			runOnlyForDeploymentPostprocessing = 0;
		};
		84D5B56B27FEA0E6006A8FEE /* Sources */ = {
			isa = PBXSourcesBuildPhase;
			buildActionMask = 2147483647;
			files = (
				84D5B57427FEA0E6006A8FEE /* myMapTests.swift in Sources */,
			);
			runOnlyForDeploymentPostprocessing = 0;
		};
		84D5B57527FEA0E6006A8FEE /* Sources */ = {
			isa = PBXSourcesBuildPhase;
			buildActionMask = 2147483647;
			files = (
				84D5B57E27FEA0E6006A8FEE /* myMapUITests.swift in Sources */,
				84D5B58027FEA0E6006A8FEE /* myMapUITestsLaunchTests.swift in Sources */,
			);
			runOnlyForDeploymentPostprocessing = 0;
		};
/* End PBXSourcesBuildPhase section */

/* Begin PBXTargetDependency section */
		84D5B57127FEA0E6006A8FEE /* PBXTargetDependency */ = {
			isa = PBXTargetDependency;
			target = 84D5B55527FEA0E3006A8FEE /* myMap */;
			targetProxy = 84D5B57027FEA0E6006A8FEE /* PBXContainerItemProxy */;
		};
		84D5B57B27FEA0E6006A8FEE /* PBXTargetDependency */ = {
			isa = PBXTargetDependency;
			target = 84D5B55527FEA0E3006A8FEE /* myMap */;
			targetProxy = 84D5B57A27FEA0E6006A8FEE /* PBXContainerItemProxy */;
		};
/* End PBXTargetDependency section */

/* Begin PBXVariantGroup section */
		84D5B55F27FEA0E3006A8FEE /* Main.storyboard */ = {
			isa = PBXVariantGroup;
			children = (
				84D5B56027FEA0E3006A8FEE /* Base */,
			);
			name = Main.storyboard;
			sourceTree = "<group>";
		};
		84D5B56727FEA0E6006A8FEE /* LaunchScreen.storyboard */ = {
			isa = PBXVariantGroup;
			children = (
				84D5B56827FEA0E6006A8FEE /* Base */,
			);
			name = LaunchScreen.storyboard;
			sourceTree = "<group>";
		};
/* End PBXVariantGroup section */

/* Begin XCBuildConfiguration section */
		84D5B58127FEA0E6006A8FEE /* Debug */ = {
			isa = XCBuildConfiguration;
			buildSettings = {
				ALWAYS_SEARCH_USER_PATHS = NO;
				CLANG_ANALYZER_NONNULL = YES;
				CLANG_ANALYZER_NUMBER_OBJECT_CONVERSION = YES_AGGRESSIVE;
				CLANG_CXX_LANGUAGE_STANDARD = "gnu++17";
				CLANG_ENABLE_MODULES = YES;
				CLANG_ENABLE_OBJC_ARC = YES;
				CLANG_ENABLE_OBJC_WEAK = YES;
				CLANG_WARN_BLOCK_CAPTURE_AUTORELEASING = YES;
				CLANG_WARN_BOOL_CONVERSION = YES;
				CLANG_WARN_COMMA = YES;
				CLANG_WARN_CONSTANT_CONVERSION = YES;
				CLANG_WARN_DEPRECATED_OBJC_IMPLEMENTATIONS = YES;
				CLANG_WARN_DIRECT_OBJC_ISA_USAGE = YES_ERROR;
				CLANG_WARN_DOCUMENTATION_COMMENTS = YES;
				CLANG_WARN_EMPTY_BODY = YES;
				CLANG_WARN_ENUM_CONVERSION = YES;
				CLANG_WARN_INFINITE_RECURSION = YES;
				CLANG_WARN_INT_CONVERSION = YES;
				CLANG_WARN_NON_LITERAL_NULL_CONVERSION = YES;
				CLANG_WARN_OBJC_IMPLICIT_RETAIN_SELF = YES;
				CLANG_WARN_OBJC_LITERAL_CONVERSION = YES;
				CLANG_WARN_OBJC_ROOT_CLASS = YES_ERROR;
				CLANG_WARN_QUOTED_INCLUDE_IN_FRAMEWORK_HEADER = YES;
				CLANG_WARN_RANGE_LOOP_ANALYSIS = YES;
				CLANG_WARN_STRICT_PROTOTYPES = YES;
				CLANG_WARN_SUSPICIOUS_MOVE = YES;
				CLANG_WARN_UNGUARDED_AVAILABILITY = YES_AGGRESSIVE;
				CLANG_WARN_UNREACHABLE_CODE = YES;
				CLANG_WARN__DUPLICATE_METHOD_MATCH = YES;
				COPY_PHASE_STRIP = NO;
				DEBUG_INFORMATION_FORMAT = dwarf;
				ENABLE_STRICT_OBJC_MSGSEND = YES;
				ENABLE_TESTABILITY = YES;
				GCC_C_LANGUAGE_STANDARD = gnu11;
				GCC_DYNAMIC_NO_PIC = NO;
				GCC_NO_COMMON_BLOCKS = YES;
				GCC_OPTIMIZATION_LEVEL = 0;
				GCC_PREPROCESSOR_DEFINITIONS = (
					"DEBUG=1",
					"$(inherited)",
				);
				GCC_WARN_64_TO_32_BIT_CONVERSION = YES;
				GCC_WARN_ABOUT_RETURN_TYPE = YES_ERROR;
				GCC_WARN_UNDECLARED_SELECTOR = YES;
				GCC_WARN_UNINITIALIZED_AUTOS = YES_AGGRESSIVE;
				GCC_WARN_UNUSED_FUNCTION = YES;
				GCC_WARN_UNUSED_VARIABLE = YES;
				IPHONEOS_DEPLOYMENT_TARGET = 15.4;
				MTL_ENABLE_DEBUG_INFO = INCLUDE_SOURCE;
				MTL_FAST_MATH = YES;
				ONLY_ACTIVE_ARCH = YES;
				SDKROOT = iphoneos;
				SWIFT_ACTIVE_COMPILATION_CONDITIONS = DEBUG;
				SWIFT_OPTIMIZATION_LEVEL = "-Onone";
			};
			name = Debug;
		};
		84D5B58227FEA0E6006A8FEE /* Release */ = {
			isa = XCBuildConfiguration;
			buildSettings = {
				ALWAYS_SEARCH_USER_PATHS = NO;
				CLANG_ANALYZER_NONNULL = YES;
				CLANG_ANALYZER_NUMBER_OBJECT_CONVERSION = YES_AGGRESSIVE;
				CLANG_CXX_LANGUAGE_STANDARD = "gnu++17";
				CLANG_ENABLE_MODULES = YES;
				CLANG_ENABLE_OBJC_ARC = YES;
				CLANG_ENABLE_OBJC_WEAK = YES;
				CLANG_WARN_BLOCK_CAPTURE_AUTORELEASING = YES;
				CLANG_WARN_BOOL_CONVERSION = YES;
				CLANG_WARN_COMMA = YES;
				CLANG_WARN_CONSTANT_CONVERSION = YES;
				CLANG_WARN_DEPRECATED_OBJC_IMPLEMENTATIONS = YES;
				CLANG_WARN_DIRECT_OBJC_ISA_USAGE = YES_ERROR;
				CLANG_WARN_DOCUMENTATION_COMMENTS = YES;
				CLANG_WARN_EMPTY_BODY = YES;
				CLANG_WARN_ENUM_CONVERSION = YES;
				CLANG_WARN_INFINITE_RECURSION = YES;
				CLANG_WARN_INT_CONVERSION = YES;
				CLANG_WARN_NON_LITERAL_NULL_CONVERSION = YES;
				CLANG_WARN_OBJC_IMPLICIT_RETAIN_SELF = YES;
				CLANG_WARN_OBJC_LITERAL_CONVERSION = YES;
				CLANG_WARN_OBJC_ROOT_CLASS = YES_ERROR;
				CLANG_WARN_QUOTED_INCLUDE_IN_FRAMEWORK_HEADER = YES;
				CLANG_WARN_RANGE_LOOP_ANALYSIS = YES;
				CLANG_WARN_STRICT_PROTOTYPES = YES;
				CLANG_WARN_SUSPICIOUS_MOVE = YES;
				CLANG_WARN_UNGUARDED_AVAILABILITY = YES_AGGRESSIVE;
				CLANG_WARN_UNREACHABLE_CODE = YES;
				CLANG_WARN__DUPLICATE_METHOD_MATCH = YES;
				COPY_PHASE_STRIP = NO;
				DEBUG_INFORMATION_FORMAT = "dwarf-with-dsym";
				ENABLE_NS_ASSERTIONS = NO;
				ENABLE_STRICT_OBJC_MSGSEND = YES;
				GCC_C_LANGUAGE_STANDARD = gnu11;
				GCC_NO_COMMON_BLOCKS = YES;
				GCC_WARN_64_TO_32_BIT_CONVERSION = YES;
				GCC_WARN_ABOUT_RETURN_TYPE = YES_ERROR;
				GCC_WARN_UNDECLARED_SELECTOR = YES;
				GCC_WARN_UNINITIALIZED_AUTOS = YES_AGGRESSIVE;
				GCC_WARN_UNUSED_FUNCTION = YES;
				GCC_WARN_UNUSED_VARIABLE = YES;
				IPHONEOS_DEPLOYMENT_TARGET = 15.4;
				MTL_ENABLE_DEBUG_INFO = NO;
				MTL_FAST_MATH = YES;
				SDKROOT = iphoneos;
				SWIFT_COMPILATION_MODE = wholemodule;
				SWIFT_OPTIMIZATION_LEVEL = "-O";
				VALIDATE_PRODUCT = YES;
			};
			name = Release;
		};
		84D5B58427FEA0E6006A8FEE /* Debug */ = {
			isa = XCBuildConfiguration;
			buildSettings = {
				ASSETCATALOG_COMPILER_APPICON_NAME = AppIcon;
				ASSETCATALOG_COMPILER_GLOBAL_ACCENT_COLOR_NAME = AccentColor;
				CODE_SIGN_STYLE = Automatic;
				CURRENT_PROJECT_VERSION = 1;
				GENERATE_INFOPLIST_FILE = YES;
				INFOPLIST_FILE = myMap/Info.plist;
				INFOPLIST_KEY_UIApplicationSupportsIndirectInputEvents = YES;
				INFOPLIST_KEY_UILaunchStoryboardName = LaunchScreen;
				INFOPLIST_KEY_UIMainStoryboardFile = Main;
				INFOPLIST_KEY_UISupportedInterfaceOrientations_iPad = "UIInterfaceOrientationPortrait UIInterfaceOrientationPortraitUpsideDown UIInterfaceOrientationLandscapeLeft UIInterfaceOrientationLandscapeRight";
				INFOPLIST_KEY_UISupportedInterfaceOrientations_iPhone = "UIInterfaceOrientationPortrait UIInterfaceOrientationLandscapeLeft UIInterfaceOrientationLandscapeRight";
				LD_RUNPATH_SEARCH_PATHS = (
					"$(inherited)",
					"@executable_path/Frameworks",
				);
				MARKETING_VERSION = 1.0;
				PRODUCT_BUNDLE_IDENTIFIER = com.magneto.myMap;
				PRODUCT_NAME = "$(TARGET_NAME)";
				SWIFT_EMIT_LOC_STRINGS = YES;
				SWIFT_VERSION = 5.0;
				TARGETED_DEVICE_FAMILY = "1,2";
			};
			name = Debug;
		};
		84D5B58527FEA0E6006A8FEE /* Release */ = {
			isa = XCBuildConfiguration;
			buildSettings = {
				ASSETCATALOG_COMPILER_APPICON_NAME = AppIcon;
				ASSETCATALOG_COMPILER_GLOBAL_ACCENT_COLOR_NAME = AccentColor;
				CODE_SIGN_STYLE = Automatic;
				CURRENT_PROJECT_VERSION = 1;
				GENERATE_INFOPLIST_FILE = YES;
				INFOPLIST_FILE = myMap/Info.plist;
				INFOPLIST_KEY_UIApplicationSupportsIndirectInputEvents = YES;
				INFOPLIST_KEY_UILaunchStoryboardName = LaunchScreen;
				INFOPLIST_KEY_UIMainStoryboardFile = Main;
				INFOPLIST_KEY_UISupportedInterfaceOrientations_iPad = "UIInterfaceOrientationPortrait UIInterfaceOrientationPortraitUpsideDown UIInterfaceOrientationLandscapeLeft UIInterfaceOrientationLandscapeRight";
				INFOPLIST_KEY_UISupportedInterfaceOrientations_iPhone = "UIInterfaceOrientationPortrait UIInterfaceOrientationLandscapeLeft UIInterfaceOrientationLandscapeRight";
				LD_RUNPATH_SEARCH_PATHS = (
					"$(inherited)",
					"@executable_path/Frameworks",
				);
				MARKETING_VERSION = 1.0;
				PRODUCT_BUNDLE_IDENTIFIER = com.magneto.myMap;
				PRODUCT_NAME = "$(TARGET_NAME)";
				SWIFT_EMIT_LOC_STRINGS = YES;
				SWIFT_VERSION = 5.0;
				TARGETED_DEVICE_FAMILY = "1,2";
			};
			name = Release;
		};
		84D5B58727FEA0E6006A8FEE /* Debug */ = {
			isa = XCBuildConfiguration;
			buildSettings = {
				ALWAYS_EMBED_SWIFT_STANDARD_LIBRARIES = YES;
				BUNDLE_LOADER = "$(TEST_HOST)";
				CODE_SIGN_STYLE = Automatic;
				CURRENT_PROJECT_VERSION = 1;
				GENERATE_INFOPLIST_FILE = YES;
				IPHONEOS_DEPLOYMENT_TARGET = 15.4;
				MARKETING_VERSION = 1.0;
				PRODUCT_BUNDLE_IDENTIFIER = com.magneto.myMapTests;
				PRODUCT_NAME = "$(TARGET_NAME)";
				SWIFT_EMIT_LOC_STRINGS = NO;
				SWIFT_VERSION = 5.0;
				TARGETED_DEVICE_FAMILY = "1,2";
				TEST_HOST = "$(BUILT_PRODUCTS_DIR)/myMap.app/myMap";
			};
			name = Debug;
		};
		84D5B58827FEA0E6006A8FEE /* Release */ = {
			isa = XCBuildConfiguration;
			buildSettings = {
				ALWAYS_EMBED_SWIFT_STANDARD_LIBRARIES = YES;
				BUNDLE_LOADER = "$(TEST_HOST)";
				CODE_SIGN_STYLE = Automatic;
				CURRENT_PROJECT_VERSION = 1;
				GENERATE_INFOPLIST_FILE = YES;
				IPHONEOS_DEPLOYMENT_TARGET = 15.4;
				MARKETING_VERSION = 1.0;
				PRODUCT_BUNDLE_IDENTIFIER = com.magneto.myMapTests;
				PRODUCT_NAME = "$(TARGET_NAME)";
				SWIFT_EMIT_LOC_STRINGS = NO;
				SWIFT_VERSION = 5.0;
				TARGETED_DEVICE_FAMILY = "1,2";
				TEST_HOST = "$(BUILT_PRODUCTS_DIR)/myMap.app/myMap";
			};
			name = Release;
		};
		84D5B58A27FEA0E6006A8FEE /* Debug */ = {
			isa = XCBuildConfiguration;
			buildSettings = {
				ALWAYS_EMBED_SWIFT_STANDARD_LIBRARIES = YES;
				CODE_SIGN_STYLE = Automatic;
				CURRENT_PROJECT_VERSION = 1;
				GENERATE_INFOPLIST_FILE = YES;
				MARKETING_VERSION = 1.0;
				PRODUCT_BUNDLE_IDENTIFIER = com.magneto.myMapUITests;
				PRODUCT_NAME = "$(TARGET_NAME)";
				SWIFT_EMIT_LOC_STRINGS = NO;
				SWIFT_VERSION = 5.0;
				TARGETED_DEVICE_FAMILY = "1,2";
				TEST_TARGET_NAME = myMap;
			};
			name = Debug;
		};
		84D5B58B27FEA0E6006A8FEE /* Release */ = {
			isa = XCBuildConfiguration;
			buildSettings = {
				ALWAYS_EMBED_SWIFT_STANDARD_LIBRARIES = YES;
				CODE_SIGN_STYLE = Automatic;
				CURRENT_PROJECT_VERSION = 1;
				GENERATE_INFOPLIST_FILE = YES;
				MARKETING_VERSION = 1.0;
				PRODUCT_BUNDLE_IDENTIFIER = com.magneto.myMapUITests;
				PRODUCT_NAME = "$(TARGET_NAME)";
				SWIFT_EMIT_LOC_STRINGS = NO;
				SWIFT_VERSION = 5.0;
				TARGETED_DEVICE_FAMILY = "1,2";
				TEST_TARGET_NAME = myMap;
			};
			name = Release;
		};
/* End XCBuildConfiguration section */

/* Begin XCConfigurationList section */
		84D5B55127FEA0E3006A8FEE /* Build configuration list for PBXProject "myMap" */ = {
			isa = XCConfigurationList;
			buildConfigurations = (
				84D5B58127FEA0E6006A8FEE /* Debug */,
				84D5B58227FEA0E6006A8FEE /* Release */,
			);
			defaultConfigurationIsVisible = 0;
			defaultConfigurationName = Release;
		};
		84D5B58327FEA0E6006A8FEE /* Build configuration list for PBXNativeTarget "myMap" */ = {
			isa = XCConfigurationList;
			buildConfigurations = (
				84D5B58427FEA0E6006A8FEE /* Debug */,
				84D5B58527FEA0E6006A8FEE /* Release */,
			);
			defaultConfigurationIsVisible = 0;
			defaultConfigurationName = Release;
		};
		84D5B58627FEA0E6006A8FEE /* Build configuration list for PBXNativeTarget "myMapTests" */ = {
			isa = XCConfigurationList;
			buildConfigurations = (
				84D5B58727FEA0E6006A8FEE /* Debug */,
				84D5B58827FEA0E6006A8FEE /* Release */,
			);
			defaultConfigurationIsVisible = 0;
			defaultConfigurationName = Release;
		};
		84D5B58927FEA0E6006A8FEE /* Build configuration list for PBXNativeTarget "myMapUITests" */ = {
			isa = XCConfigurationList;
			buildConfigurations = (
				84D5B58A27FEA0E6006A8FEE /* Debug */,
				84D5B58B27FEA0E6006A8FEE /* Release */,
			);
			defaultConfigurationIsVisible = 0;
			defaultConfigurationName = Release;
		};
/* End XCConfigurationList section */

/* Begin XCVersionGroup section */
		84D5B56227FEA0E3006A8FEE /* myMap.xcdatamodeld */ = {
			isa = XCVersionGroup;
			children = (
				84D5B56327FEA0E3006A8FEE /* myMap.xcdatamodel */,
			);
			currentVersion = 84D5B56327FEA0E3006A8FEE /* myMap.xcdatamodel */;
			path = myMap.xcdatamodeld;
			sourceTree = "<group>";
			versionGroupType = wrapper.xcdatamodel;
		};
/* End XCVersionGroup section */
	};
	rootObject = 84D5B54E27FEA0E3006A8FEE /* Project object */;
}
